
Microsoft Visual Studio Solution File, Format Version 12.00
# Visual Studio 15
VisualStudioVersion = 15.0.26124.0
MinimumVisualStudioVersion = 15.0.26124.0
Project("{FAE04EC0-301F-11D3-BF4B-00C04F79EFBC}") = "Domain", "Domain\Domain.csproj", "{003A294C-19F8-4B52-BB37-5EA253D6C71D}"
EndProject
Project("{FAE04EC0-301F-11D3-BF4B-00C04F79EFBC}") = "Application", "Application\Application.csproj", "{AA803E52-68F3-4C79-B2DE-E94FEA2D7A48}"
EndProject
Project("{FAE04EC0-301F-11D3-BF4B-00C04F79EFBC}") = "Persistence", "Persistence\Persistence.csproj", "{F0B6AFE8-F4D8-4874-ACED-0E2B930FF671}"
EndProject
Project("{FAE04EC0-301F-11D3-BF4B-00C04F79EFBC}") = "Api", "Api\Api.csproj", "{7B015EF6-98DC-438D-A25C-9C38AA707E9D}"
EndProject
Project("{FAE04EC0-301F-11D3-BF4B-00C04F79EFBC}") = "Infrastructure", "Infrastructure\Infrastructure.csproj", "{5C75C31A-36B7-4AFD-861F-28FA1E4DBDAF}"
EndProject
Global
	GlobalSection(SolutionConfigurationPlatforms) = preSolution
		Debug|Any CPU = Debug|Any CPU
		Debug|x64 = Debug|x64
		Debug|x86 = Debug|x86
		Release|Any CPU = Release|Any CPU
		Release|x64 = Release|x64
		Release|x86 = Release|x86
	EndGlobalSection
	GlobalSection(SolutionProperties) = preSolution
		HideSolutionNode = FALSE
	EndGlobalSection
	GlobalSection(ProjectConfigurationPlatforms) = postSolution
		{003A294C-19F8-4B52-BB37-5EA253D6C71D}.Debug|Any CPU.ActiveCfg = Debug|Any CPU
		{003A294C-19F8-4B52-BB37-5EA253D6C71D}.Debug|Any CPU.Build.0 = Debug|Any CPU
		{003A294C-19F8-4B52-BB37-5EA253D6C71D}.Debug|x64.ActiveCfg = Debug|Any CPU
		{003A294C-19F8-4B52-BB37-5EA253D6C71D}.Debug|x64.Build.0 = Debug|Any CPU
		{003A294C-19F8-4B52-BB37-5EA253D6C71D}.Debug|x86.ActiveCfg = Debug|Any CPU
		{003A294C-19F8-4B52-BB37-5EA253D6C71D}.Debug|x86.Build.0 = Debug|Any CPU
		{003A294C-19F8-4B52-BB37-5EA253D6C71D}.Release|Any CPU.ActiveCfg = Release|Any CPU
		{003A294C-19F8-4B52-BB37-5EA253D6C71D}.Release|Any CPU.Build.0 = Release|Any CPU
		{003A294C-19F8-4B52-BB37-5EA253D6C71D}.Release|x64.ActiveCfg = Release|Any CPU
		{003A294C-19F8-4B52-BB37-5EA253D6C71D}.Release|x64.Build.0 = Release|Any CPU
		{003A294C-19F8-4B52-BB37-5EA253D6C71D}.Release|x86.ActiveCfg = Release|Any CPU
		{003A294C-19F8-4B52-BB37-5EA253D6C71D}.Release|x86.Build.0 = Release|Any CPU
		{AA803E52-68F3-4C79-B2DE-E94FEA2D7A48}.Debug|Any CPU.ActiveCfg = Debug|Any CPU
		{AA803E52-68F3-4C79-B2DE-E94FEA2D7A48}.Debug|Any CPU.Build.0 = Debug|Any CPU
		{AA803E52-68F3-4C79-B2DE-E94FEA2D7A48}.Debug|x64.ActiveCfg = Debug|Any CPU
		{AA803E52-68F3-4C79-B2DE-E94FEA2D7A48}.Debug|x64.Build.0 = Debug|Any CPU
		{AA803E52-68F3-4C79-B2DE-E94FEA2D7A48}.Debug|x86.ActiveCfg = Debug|Any CPU
		{AA803E52-68F3-4C79-B2DE-E94FEA2D7A48}.Debug|x86.Build.0 = Debug|Any CPU
		{AA803E52-68F3-4C79-B2DE-E94FEA2D7A48}.Release|Any CPU.ActiveCfg = Release|Any CPU
		{AA803E52-68F3-4C79-B2DE-E94FEA2D7A48}.Release|Any CPU.Build.0 = Release|Any CPU
		{AA803E52-68F3-4C79-B2DE-E94FEA2D7A48}.Release|x64.ActiveCfg = Release|Any CPU
		{AA803E52-68F3-4C79-B2DE-E94FEA2D7A48}.Release|x64.Build.0 = Release|Any CPU
		{AA803E52-68F3-4C79-B2DE-E94FEA2D7A48}.Release|x86.ActiveCfg = Release|Any CPU
		{AA803E52-68F3-4C79-B2DE-E94FEA2D7A48}.Release|x86.Build.0 = Release|Any CPU
		{F0B6AFE8-F4D8-4874-ACED-0E2B930FF671}.Debug|Any CPU.ActiveCfg = Debug|Any CPU
		{F0B6AFE8-F4D8-4874-ACED-0E2B930FF671}.Debug|Any CPU.Build.0 = Debug|Any CPU
		{F0B6AFE8-F4D8-4874-ACED-0E2B930FF671}.Debug|x64.ActiveCfg = Debug|Any CPU
		{F0B6AFE8-F4D8-4874-ACED-0E2B930FF671}.Debug|x64.Build.0 = Debug|Any CPU
		{F0B6AFE8-F4D8-4874-ACED-0E2B930FF671}.Debug|x86.ActiveCfg = Debug|Any CPU
		{F0B6AFE8-F4D8-4874-ACED-0E2B930FF671}.Debug|x86.Build.0 = Debug|Any CPU
		{F0B6AFE8-F4D8-4874-ACED-0E2B930FF671}.Release|Any CPU.ActiveCfg = Release|Any CPU
		{F0B6AFE8-F4D8-4874-ACED-0E2B930FF671}.Release|Any CPU.Build.0 = Release|Any CPU
		{F0B6AFE8-F4D8-4874-ACED-0E2B930FF671}.Release|x64.ActiveCfg = Release|Any CPU
		{F0B6AFE8-F4D8-4874-ACED-0E2B930FF671}.Release|x64.Build.0 = Release|Any CPU
		{F0B6AFE8-F4D8-4874-ACED-0E2B930FF671}.Release|x86.ActiveCfg = Release|Any CPU
		{F0B6AFE8-F4D8-4874-ACED-0E2B930FF671}.Release|x86.Build.0 = Release|Any CPU
		{7B015EF6-98DC-438D-A25C-9C38AA707E9D}.Debug|Any CPU.ActiveCfg = Debug|Any CPU
		{7B015EF6-98DC-438D-A25C-9C38AA707E9D}.Debug|Any CPU.Build.0 = Debug|Any CPU
		{7B015EF6-98DC-438D-A25C-9C38AA707E9D}.Debug|x64.ActiveCfg = Debug|Any CPU
		{7B015EF6-98DC-438D-A25C-9C38AA707E9D}.Debug|x64.Build.0 = Debug|Any CPU
		{7B015EF6-98DC-438D-A25C-9C38AA707E9D}.Debug|x86.ActiveCfg = Debug|Any CPU
		{7B015EF6-98DC-438D-A25C-9C38AA707E9D}.Debug|x86.Build.0 = Debug|Any CPU
		{7B015EF6-98DC-438D-A25C-9C38AA707E9D}.Release|Any CPU.ActiveCfg = Release|Any CPU
		{7B015EF6-98DC-438D-A25C-9C38AA707E9D}.Release|Any CPU.Build.0 = Release|Any CPU
		{7B015EF6-98DC-438D-A25C-9C38AA707E9D}.Release|x64.ActiveCfg = Release|Any CPU
		{7B015EF6-98DC-438D-A25C-9C38AA707E9D}.Release|x64.Build.0 = Release|Any CPU
		{7B015EF6-98DC-438D-A25C-9C38AA707E9D}.Release|x86.ActiveCfg = Release|Any CPU
		{7B015EF6-98DC-438D-A25C-9C38AA707E9D}.Release|x86.Build.0 = Release|Any CPU
		{5C75C31A-36B7-4AFD-861F-28FA1E4DBDAF}.Debug|Any CPU.ActiveCfg = Debug|Any CPU
		{5C75C31A-36B7-4AFD-861F-28FA1E4DBDAF}.Debug|Any CPU.Build.0 = Debug|Any CPU
		{5C75C31A-36B7-4AFD-861F-28FA1E4DBDAF}.Debug|x64.ActiveCfg = Debug|Any CPU
		{5C75C31A-36B7-4AFD-861F-28FA1E4DBDAF}.Debug|x64.Build.0 = Debug|Any CPU
		{5C75C31A-36B7-4AFD-861F-28FA1E4DBDAF}.Debug|x86.ActiveCfg = Debug|Any CPU
		{5C75C31A-36B7-4AFD-861F-28FA1E4DBDAF}.Debug|x86.Build.0 = Debug|Any CPU
		{5C75C31A-36B7-4AFD-861F-28FA1E4DBDAF}.Release|Any CPU.ActiveCfg = Release|Any CPU
		{5C75C31A-36B7-4AFD-861F-28FA1E4DBDAF}.Release|Any CPU.Build.0 = Release|Any CPU
		{5C75C31A-36B7-4AFD-861F-28FA1E4DBDAF}.Release|x64.ActiveCfg = Release|Any CPU
		{5C75C31A-36B7-4AFD-861F-28FA1E4DBDAF}.Release|x64.Build.0 = Release|Any CPU
		{5C75C31A-36B7-4AFD-861F-28FA1E4DBDAF}.Release|x86.ActiveCfg = Release|Any CPU
		{5C75C31A-36B7-4AFD-861F-28FA1E4DBDAF}.Release|x86.Build.0 = Release|Any CPU
	EndGlobalSection
EndGlobal
